// !$*UTF8*$!
{
	archiveVersion = 1;
	classes = {
	};
	objectVersion = 56;
	objects = {

/* Begin PBXBuildFile section */
		D9E240B92A459F4A00294EE0 /* SportCommunityIOSApp.swift in Sources */ = {isa = PBXBuildFile; fileRef = D9E240B82A459F4A00294EE0 /* SportCommunityIOSApp.swift */; };
		D9E240BB2A459F4A00294EE0 /* ContentView.swift in Sources */ = {isa = PBXBuildFile; fileRef = D9E240BA2A459F4A00294EE0 /* ContentView.swift */; };
		D9E240BD2A459F4C00294EE0 /* Assets.xcassets in Resources */ = {isa = PBXBuildFile; fileRef = D9E240BC2A459F4C00294EE0 /* Assets.xcassets */; };
		D9E240C02A459F4C00294EE0 /* Preview Assets.xcassets in Resources */ = {isa = PBXBuildFile; fileRef = D9E240BF2A459F4C00294EE0 /* Preview Assets.xcassets */; };
		D9E240CA2A459F4C00294EE0 /* SportCommunityIOSTests.swift in Sources */ = {isa = PBXBuildFile; fileRef = D9E240C92A459F4C00294EE0 /* SportCommunityIOSTests.swift */; };
		D9E240D42A459F4D00294EE0 /* SportCommunityIOSUITests.swift in Sources */ = {isa = PBXBuildFile; fileRef = D9E240D32A459F4D00294EE0 /* SportCommunityIOSUITests.swift */; };
		D9E240D62A459F4D00294EE0 /* SportCommunityIOSUITestsLaunchTests.swift in Sources */ = {isa = PBXBuildFile; fileRef = D9E240D52A459F4D00294EE0 /* SportCommunityIOSUITestsLaunchTests.swift */; };
/* End PBXBuildFile section */

/* Begin PBXContainerItemProxy section */
		D9E240C62A459F4C00294EE0 /* PBXContainerItemProxy */ = {
			isa = PBXContainerItemProxy;
			containerPortal = D9E240AD2A459F4A00294EE0 /* Project object */;
			proxyType = 1;
			remoteGlobalIDString = D9E240B42A459F4A00294EE0;
			remoteInfo = SportCommunityIOS;
		};
		D9E240D02A459F4D00294EE0 /* PBXContainerItemProxy */ = {
			isa = PBXContainerItemProxy;
			containerPortal = D9E240AD2A459F4A00294EE0 /* Project object */;
			proxyType = 1;
			remoteGlobalIDString = D9E240B42A459F4A00294EE0;
			remoteInfo = SportCommunityIOS;
		};
/* End PBXContainerItemProxy section */

/* Begin PBXFileReference section */
		D9E240B52A459F4A00294EE0 /* SportCommunityIOS.app */ = {isa = PBXFileReference; explicitFileType = wrapper.application; includeInIndex = 0; path = SportCommunityIOS.app; sourceTree = BUILT_PRODUCTS_DIR; };
		D9E240B82A459F4A00294EE0 /* SportCommunityIOSApp.swift */ = {isa = PBXFileReference; lastKnownFileType = sourcecode.swift; path = SportCommunityIOSApp.swift; sourceTree = "<group>"; };
		D9E240BA2A459F4A00294EE0 /* ContentView.swift */ = {isa = PBXFileReference; lastKnownFileType = sourcecode.swift; path = ContentView.swift; sourceTree = "<group>"; };
		D9E240BC2A459F4C00294EE0 /* Assets.xcassets */ = {isa = PBXFileReference; lastKnownFileType = folder.assetcatalog; path = Assets.xcassets; sourceTree = "<group>"; };
		D9E240BF2A459F4C00294EE0 /* Preview Assets.xcassets */ = {isa = PBXFileReference; lastKnownFileType = folder.assetcatalog; path = "Preview Assets.xcassets"; sourceTree = "<group>"; };
		D9E240C52A459F4C00294EE0 /* SportCommunityIOSTests.xctest */ = {isa = PBXFileReference; explicitFileType = wrapper.cfbundle; includeInIndex = 0; path = SportCommunityIOSTests.xctest; sourceTree = BUILT_PRODUCTS_DIR; };
		D9E240C92A459F4C00294EE0 /* SportCommunityIOSTests.swift */ = {isa = PBXFileReference; lastKnownFileType = sourcecode.swift; path = SportCommunityIOSTests.swift; sourceTree = "<group>"; };
		D9E240CF2A459F4D00294EE0 /* SportCommunityIOSUITests.xctest */ = {isa = PBXFileReference; explicitFileType = wrapper.cfbundle; includeInIndex = 0; path = SportCommunityIOSUITests.xctest; sourceTree = BUILT_PRODUCTS_DIR; };
		D9E240D32A459F4D00294EE0 /* SportCommunityIOSUITests.swift */ = {isa = PBXFileReference; lastKnownFileType = sourcecode.swift; path = SportCommunityIOSUITests.swift; sourceTree = "<group>"; };
		D9E240D52A459F4D00294EE0 /* SportCommunityIOSUITestsLaunchTests.swift */ = {isa = PBXFileReference; lastKnownFileType = sourcecode.swift; path = SportCommunityIOSUITestsLaunchTests.swift; sourceTree = "<group>"; };
/* End PBXFileReference section */

/* Begin PBXFrameworksBuildPhase section */
		D9E240B22A459F4A00294EE0 /* Frameworks */ = {
			isa = PBXFrameworksBuildPhase;
			buildActionMask = 2147483647;
			files = (
			);
			runOnlyForDeploymentPostprocessing = 0;
		};
		D9E240C22A459F4C00294EE0 /* Frameworks */ = {
			isa = PBXFrameworksBuildPhase;
			buildActionMask = 2147483647;
			files = (
			);
			runOnlyForDeploymentPostprocessing = 0;
		};
		D9E240CC2A459F4D00294EE0 /* Frameworks */ = {
			isa = PBXFrameworksBuildPhase;
			buildActionMask = 2147483647;
			files = (
			);
			runOnlyForDeploymentPostprocessing = 0;
		};
/* End PBXFrameworksBuildPhase section */

/* Begin PBXGroup section */
		D9E240AC2A459F4A00294EE0 = {
			isa = PBXGroup;
			children = (
				D9E240B72A459F4A00294EE0 /* SportCommunityIOS */,
				D9E240C82A459F4C00294EE0 /* SportCommunityIOSTests */,
				D9E240D22A459F4D00294EE0 /* SportCommunityIOSUITests */,
				D9E240B62A459F4A00294EE0 /* Products */,
			);
			sourceTree = "<group>";
		};
		D9E240B62A459F4A00294EE0 /* Products */ = {
			isa = PBXGroup;
			children = (
				D9E240B52A459F4A00294EE0 /* SportCommunityIOS.app */,
				D9E240C52A459F4C00294EE0 /* SportCommunityIOSTests.xctest */,
				D9E240CF2A459F4D00294EE0 /* SportCommunityIOSUITests.xctest */,
			);
			name = Products;
			sourceTree = "<group>";
		};
		D9E240B72A459F4A00294EE0 /* SportCommunityIOS */ = {
			isa = PBXGroup;
			children = (
				D9E240B82A459F4A00294EE0 /* SportCommunityIOSApp.swift */,
				D9E240BA2A459F4A00294EE0 /* ContentView.swift */,
				D9E240BC2A459F4C00294EE0 /* Assets.xcassets */,
				D9E240BE2A459F4C00294EE0 /* Preview Content */,
			);
			path = SportCommunityIOS;
			sourceTree = "<group>";
		};
		D9E240BE2A459F4C00294EE0 /* Preview Content */ = {
			isa = PBXGroup;
			children = (
				D9E240BF2A459F4C00294EE0 /* Preview Assets.xcassets */,
			);
			path = "Preview Content";
			sourceTree = "<group>";
		};
		D9E240C82A459F4C00294EE0 /* SportCommunityIOSTests */ = {
			isa = PBXGroup;
			children = (
				D9E240C92A459F4C00294EE0 /* SportCommunityIOSTests.swift */,
			);
			path = SportCommunityIOSTests;
			sourceTree = "<group>";
		};
		D9E240D22A459F4D00294EE0 /* SportCommunityIOSUITests */ = {
			isa = PBXGroup;
			children = (
				D9E240D32A459F4D00294EE0 /* SportCommunityIOSUITests.swift */,
				D9E240D52A459F4D00294EE0 /* SportCommunityIOSUITestsLaunchTests.swift */,
			);
			path = SportCommunityIOSUITests;
			sourceTree = "<group>";
		};
/* End PBXGroup section */

/* Begin PBXNativeTarget section */
		D9E240B42A459F4A00294EE0 /* SportCommunityIOS */ = {
			isa = PBXNativeTarget;
			buildConfigurationList = D9E240D92A459F4D00294EE0 /* Build configuration list for PBXNativeTarget "SportCommunityIOS" */;
			buildPhases = (
				D9E240E22A45A04B00294EE0 /* Run Script */,
				D9E240B12A459F4A00294EE0 /* Sources */,
				D9E240B22A459F4A00294EE0 /* Frameworks */,
				D9E240B32A459F4A00294EE0 /* Resources */,
			);
			buildRules = (
			);
			dependencies = (
			);
			name = SportCommunityIOS;
			productName = SportCommunityIOS;
			productReference = D9E240B52A459F4A00294EE0 /* SportCommunityIOS.app */;
			productType = "com.apple.product-type.application";
		};
		D9E240C42A459F4C00294EE0 /* SportCommunityIOSTests */ = {
			isa = PBXNativeTarget;
			buildConfigurationList = D9E240DC2A459F4D00294EE0 /* Build configuration list for PBXNativeTarget "SportCommunityIOSTests" */;
			buildPhases = (
				D9E240C12A459F4C00294EE0 /* Sources */,
				D9E240C22A459F4C00294EE0 /* Frameworks */,
				D9E240C32A459F4C00294EE0 /* Resources */,
			);
			buildRules = (
			);
			dependencies = (
				D9E240C72A459F4C00294EE0 /* PBXTargetDependency */,
			);
			name = SportCommunityIOSTests;
			productName = SportCommunityIOSTests;
			productReference = D9E240C52A459F4C00294EE0 /* SportCommunityIOSTests.xctest */;
			productType = "com.apple.product-type.bundle.unit-test";
		};
		D9E240CE2A459F4D00294EE0 /* SportCommunityIOSUITests */ = {
			isa = PBXNativeTarget;
			buildConfigurationList = D9E240DF2A459F4D00294EE0 /* Build configuration list for PBXNativeTarget "SportCommunityIOSUITests" */;
			buildPhases = (
				D9E240CB2A459F4D00294EE0 /* Sources */,
				D9E240CC2A459F4D00294EE0 /* Frameworks */,
				D9E240CD2A459F4D00294EE0 /* Resources */,
			);
			buildRules = (
			);
			dependencies = (
				D9E240D12A459F4D00294EE0 /* PBXTargetDependency */,
			);
			name = SportCommunityIOSUITests;
			productName = SportCommunityIOSUITests;
			productReference = D9E240CF2A459F4D00294EE0 /* SportCommunityIOSUITests.xctest */;
			productType = "com.apple.product-type.bundle.ui-testing";
		};
/* End PBXNativeTarget section */

/* Begin PBXProject section */
		D9E240AD2A459F4A00294EE0 /* Project object */ = {
			isa = PBXProject;
			attributes = {
				BuildIndependentTargetsInParallel = 1;
				LastSwiftUpdateCheck = 1430;
				LastUpgradeCheck = 1430;
				TargetAttributes = {
					D9E240B42A459F4A00294EE0 = {
						CreatedOnToolsVersion = 14.3;
					};
					D9E240C42A459F4C00294EE0 = {
						CreatedOnToolsVersion = 14.3;
						TestTargetID = D9E240B42A459F4A00294EE0;
					};
					D9E240CE2A459F4D00294EE0 = {
						CreatedOnToolsVersion = 14.3;
						TestTargetID = D9E240B42A459F4A00294EE0;
					};
				};
			};
			buildConfigurationList = D9E240B02A459F4A00294EE0 /* Build configuration list for PBXProject "SportCommunityIOS" */;
			compatibilityVersion = "Xcode 14.0";
			developmentRegion = en;
			hasScannedForEncodings = 0;
			knownRegions = (
				en,
				Base,
			);
			mainGroup = D9E240AC2A459F4A00294EE0;
			productRefGroup = D9E240B62A459F4A00294EE0 /* Products */;
			projectDirPath = "";
			projectRoot = "";
			targets = (
				D9E240B42A459F4A00294EE0 /* SportCommunityIOS */,
				D9E240C42A459F4C00294EE0 /* SportCommunityIOSTests */,
				D9E240CE2A459F4D00294EE0 /* SportCommunityIOSUITests */,
			);
		};
/* End PBXProject section */

/* Begin PBXResourcesBuildPhase section */
		D9E240B32A459F4A00294EE0 /* Resources */ = {
			isa = PBXResourcesBuildPhase;
			buildActionMask = 2147483647;
			files = (
				D9E240C02A459F4C00294EE0 /* Preview Assets.xcassets in Resources */,
				D9E240BD2A459F4C00294EE0 /* Assets.xcassets in Resources */,
			);
			runOnlyForDeploymentPostprocessing = 0;
		};
		D9E240C32A459F4C00294EE0 /* Resources */ = {
			isa = PBXResourcesBuildPhase;
			buildActionMask = 2147483647;
			files = (
			);
			runOnlyForDeploymentPostprocessing = 0;
		};
		D9E240CD2A459F4D00294EE0 /* Resources */ = {
			isa = PBXResourcesBuildPhase;
			buildActionMask = 2147483647;
			files = (
			);
			runOnlyForDeploymentPostprocessing = 0;
		};
/* End PBXResourcesBuildPhase section */

/* Begin PBXShellScriptBuildPhase section */
		D9E240E22A45A04B00294EE0 /* Run Script */ = {
			isa = PBXShellScriptBuildPhase;
			buildActionMask = 2147483647;
			files = (
			);
			inputFileListPaths = (
			);
			inputPaths = (
			);
			name = "Run Script";
			outputFileListPaths = (
			);
			outputPaths = (
			);
			runOnlyForDeploymentPostprocessing = 0;
			shellPath = /bin/sh;
			shellScript = "cd \"$SRCROOT/..\"\nchmod +x ./gradlew\n./gradlew :shared:embedAndSignAppleFrameworkForXcode\n";
		};
/* End PBXShellScriptBuildPhase section */

/* Begin PBXSourcesBuildPhase section */
		D9E240B12A459F4A00294EE0 /* Sources */ = {
			isa = PBXSourcesBuildPhase;
			buildActionMask = 2147483647;
			files = (
				D9E240BB2A459F4A00294EE0 /* ContentView.swift in Sources */,
				D9E240B92A459F4A00294EE0 /* SportCommunityIOSApp.swift in Sources */,
			);
			runOnlyForDeploymentPostprocessing = 0;
		};
		D9E240C12A459F4C00294EE0 /* Sources */ = {
			isa = PBXSourcesBuildPhase;
			buildActionMask = 2147483647;
			files = (
				D9E240CA2A459F4C00294EE0 /* SportCommunityIOSTests.swift in Sources */,
			);
			runOnlyForDeploymentPostprocessing = 0;
		};
		D9E240CB2A459F4D00294EE0 /* Sources */ = {
			isa = PBXSourcesBuildPhase;
			buildActionMask = 2147483647;
			files = (
				D9E240D42A459F4D00294EE0 /* SportCommunityIOSUITests.swift in Sources */,
				D9E240D62A459F4D00294EE0 /* SportCommunityIOSUITestsLaunchTests.swift in Sources */,
			);
			runOnlyForDeploymentPostprocessing = 0;
		};
/* End PBXSourcesBuildPhase section */

/* Begin PBXTargetDependency section */
		D9E240C72A459F4C00294EE0 /* PBXTargetDependency */ = {
			isa = PBXTargetDependency;
			target = D9E240B42A459F4A00294EE0 /* SportCommunityIOS */;
			targetProxy = D9E240C62A459F4C00294EE0 /* PBXContainerItemProxy */;
		};
		D9E240D12A459F4D00294EE0 /* PBXTargetDependency */ = {
			isa = PBXTargetDependency;
			target = D9E240B42A459F4A00294EE0 /* SportCommunityIOS */;
			targetProxy = D9E240D02A459F4D00294EE0 /* PBXContainerItemProxy */;
		};
/* End PBXTargetDependency section */

/* Begin XCBuildConfiguration section */
		D9E240D72A459F4D00294EE0 /* Debug */ = {
			isa = XCBuildConfiguration;
			buildSettings = {
				ALWAYS_SEARCH_USER_PATHS = NO;
				CLANG_ANALYZER_NONNULL = YES;
				CLANG_ANALYZER_NUMBER_OBJECT_CONVERSION = YES_AGGRESSIVE;
				CLANG_CXX_LANGUAGE_STANDARD = "gnu++20";
				CLANG_ENABLE_MODULES = YES;
				CLANG_ENABLE_OBJC_ARC = YES;
				CLANG_ENABLE_OBJC_WEAK = YES;
				CLANG_WARN_BLOCK_CAPTURE_AUTORELEASING = YES;
				CLANG_WARN_BOOL_CONVERSION = YES;
				CLANG_WARN_COMMA = YES;
				CLANG_WARN_CONSTANT_CONVERSION = YES;
				CLANG_WARN_DEPRECATED_OBJC_IMPLEMENTATIONS = YES;
				CLANG_WARN_DIRECT_OBJC_ISA_USAGE = YES_ERROR;
				CLANG_WARN_DOCUMENTATION_COMMENTS = YES;
				CLANG_WARN_EMPTY_BODY = YES;
				CLANG_WARN_ENUM_CONVERSION = YES;
				CLANG_WARN_INFINITE_RECURSION = YES;
				CLANG_WARN_INT_CONVERSION = YES;
				CLANG_WARN_NON_LITERAL_NULL_CONVERSION = YES;
				CLANG_WARN_OBJC_IMPLICIT_RETAIN_SELF = YES;
				CLANG_WARN_OBJC_LITERAL_CONVERSION = YES;
				CLANG_WARN_OBJC_ROOT_CLASS = YES_ERROR;
				CLANG_WARN_QUOTED_INCLUDE_IN_FRAMEWORK_HEADER = YES;
				CLANG_WARN_RANGE_LOOP_ANALYSIS = YES;
				CLANG_WARN_STRICT_PROTOTYPES = YES;
				CLANG_WARN_SUSPICIOUS_MOVE = YES;
				CLANG_WARN_UNGUARDED_AVAILABILITY = YES_AGGRESSIVE;
				CLANG_WARN_UNREACHABLE_CODE = YES;
				CLANG_WARN__DUPLICATE_METHOD_MATCH = YES;
				COPY_PHASE_STRIP = NO;
				DEBUG_INFORMATION_FORMAT = dwarf;
				ENABLE_STRICT_OBJC_MSGSEND = YES;
				ENABLE_TESTABILITY = YES;
				GCC_C_LANGUAGE_STANDARD = gnu11;
				GCC_DYNAMIC_NO_PIC = NO;
				GCC_NO_COMMON_BLOCKS = YES;
				GCC_OPTIMIZATION_LEVEL = 0;
				GCC_PREPROCESSOR_DEFINITIONS = (
					"DEBUG=1",
					"$(inherited)",
				);
				GCC_WARN_64_TO_32_BIT_CONVERSION = YES;
				GCC_WARN_ABOUT_RETURN_TYPE = YES_ERROR;
				GCC_WARN_UNDECLARED_SELECTOR = YES;
				GCC_WARN_UNINITIALIZED_AUTOS = YES_AGGRESSIVE;
				GCC_WARN_UNUSED_FUNCTION = YES;
				GCC_WARN_UNUSED_VARIABLE = YES;
				IPHONEOS_DEPLOYMENT_TARGET = 16.4;
				MTL_ENABLE_DEBUG_INFO = INCLUDE_SOURCE;
				MTL_FAST_MATH = YES;
				ONLY_ACTIVE_ARCH = YES;
				SDKROOT = iphoneos;
				SWIFT_ACTIVE_COMPILATION_CONDITIONS = DEBUG;
				SWIFT_OPTIMIZATION_LEVEL = "-Onone";
			};
			name = Debug;
		};
		D9E240D82A459F4D00294EE0 /* Release */ = {
			isa = XCBuildConfiguration;
			buildSettings = {
				ALWAYS_SEARCH_USER_PATHS = NO;
				CLANG_ANALYZER_NONNULL = YES;
				CLANG_ANALYZER_NUMBER_OBJECT_CONVERSION = YES_AGGRESSIVE;
				CLANG_CXX_LANGUAGE_STANDARD = "gnu++20";
				CLANG_ENABLE_MODULES = YES;
				CLANG_ENABLE_OBJC_ARC = YES;
				CLANG_ENABLE_OBJC_WEAK = YES;
				CLANG_WARN_BLOCK_CAPTURE_AUTORELEASING = YES;
				CLANG_WARN_BOOL_CONVERSION = YES;
				CLANG_WARN_COMMA = YES;
				CLANG_WARN_CONSTANT_CONVERSION = YES;
				CLANG_WARN_DEPRECATED_OBJC_IMPLEMENTATIONS = YES;
				CLANG_WARN_DIRECT_OBJC_ISA_USAGE = YES_ERROR;
				CLANG_WARN_DOCUMENTATION_COMMENTS = YES;
				CLANG_WARN_EMPTY_BODY = YES;
				CLANG_WARN_ENUM_CONVERSION = YES;
				CLANG_WARN_INFINITE_RECURSION = YES;
				CLANG_WARN_INT_CONVERSION = YES;
				CLANG_WARN_NON_LITERAL_NULL_CONVERSION = YES;
				CLANG_WARN_OBJC_IMPLICIT_RETAIN_SELF = YES;
				CLANG_WARN_OBJC_LITERAL_CONVERSION = YES;
				CLANG_WARN_OBJC_ROOT_CLASS = YES_ERROR;
				CLANG_WARN_QUOTED_INCLUDE_IN_FRAMEWORK_HEADER = YES;
				CLANG_WARN_RANGE_LOOP_ANALYSIS = YES;
				CLANG_WARN_STRICT_PROTOTYPES = YES;
				CLANG_WARN_SUSPICIOUS_MOVE = YES;
				CLANG_WARN_UNGUARDED_AVAILABILITY = YES_AGGRESSIVE;
				CLANG_WARN_UNREACHABLE_CODE = YES;
				CLANG_WARN__DUPLICATE_METHOD_MATCH = YES;
				COPY_PHASE_STRIP = NO;
				DEBUG_INFORMATION_FORMAT = "dwarf-with-dsym";
				ENABLE_NS_ASSERTIONS = NO;
				ENABLE_STRICT_OBJC_MSGSEND = YES;
				GCC_C_LANGUAGE_STANDARD = gnu11;
				GCC_NO_COMMON_BLOCKS = YES;
				GCC_WARN_64_TO_32_BIT_CONVERSION = YES;
				GCC_WARN_ABOUT_RETURN_TYPE = YES_ERROR;
				GCC_WARN_UNDECLARED_SELECTOR = YES;
				GCC_WARN_UNINITIALIZED_AUTOS = YES_AGGRESSIVE;
				GCC_WARN_UNUSED_FUNCTION = YES;
				GCC_WARN_UNUSED_VARIABLE = YES;
				IPHONEOS_DEPLOYMENT_TARGET = 16.4;
				MTL_ENABLE_DEBUG_INFO = NO;
				MTL_FAST_MATH = YES;
				SDKROOT = iphoneos;
				SWIFT_COMPILATION_MODE = wholemodule;
				SWIFT_OPTIMIZATION_LEVEL = "-O";
				VALIDATE_PRODUCT = YES;
			};
			name = Release;
		};
		D9E240DA2A459F4D00294EE0 /* Debug */ = {
			isa = XCBuildConfiguration;
			buildSettings = {
				ASSETCATALOG_COMPILER_APPICON_NAME = AppIcon;
				ASSETCATALOG_COMPILER_GLOBAL_ACCENT_COLOR_NAME = AccentColor;
				CODE_SIGN_STYLE = Automatic;
				CURRENT_PROJECT_VERSION = 1;
				DEVELOPMENT_ASSET_PATHS = "\"SportCommunityIOS/Preview Content\"";
				ENABLE_PREVIEWS = YES;
				FRAMEWORK_SEARCH_PATHS = "$(SRCROOT)/../shared/build/xcode-frameworks/$(CONFIGURATION)/$(SDK_NAME)\n";
				GENERATE_INFOPLIST_FILE = YES;
				INFOPLIST_KEY_UIApplicationSceneManifest_Generation = YES;
				INFOPLIST_KEY_UIApplicationSupportsIndirectInputEvents = YES;
				INFOPLIST_KEY_UILaunchScreen_Generation = YES;
				INFOPLIST_KEY_UISupportedInterfaceOrientations_iPad = "UIInterfaceOrientationPortrait UIInterfaceOrientationPortraitUpsideDown UIInterfaceOrientationLandscapeLeft UIInterfaceOrientationLandscapeRight";
				INFOPLIST_KEY_UISupportedInterfaceOrientations_iPhone = "UIInterfaceOrientationPortrait UIInterfaceOrientationLandscapeLeft UIInterfaceOrientationLandscapeRight";
				LD_RUNPATH_SEARCH_PATHS = (
					"$(inherited)",
					"@executable_path/Frameworks",
				);
				MARKETING_VERSION = 1.0;
				OTHER_LDFLAGS = (
					"$(inherited)",
					"-framework",
					shared,
				);
				PRODUCT_BUNDLE_IDENTIFIER = com.glushko.SportCommunityIOS;
				PRODUCT_NAME = "$(TARGET_NAME)";
				SWIFT_EMIT_LOC_STRINGS = YES;
				SWIFT_VERSION = 5.0;
				TARGETED_DEVICE_FAMILY = "1,2";
			};
			name = Debug;
		};
		D9E240DB2A459F4D00294EE0 /* Release */ = {
			isa = XCBuildConfiguration;
			buildSettings = {
				ASSETCATALOG_COMPILER_APPICON_NAME = AppIcon;
				ASSETCATALOG_COMPILER_GLOBAL_ACCENT_COLOR_NAME = AccentColor;
				CODE_SIGN_STYLE = Automatic;
				CURRENT_PROJECT_VERSION = 1;
				DEVELOPMENT_ASSET_PATHS = "\"SportCommunityIOS/Preview Content\"";
				ENABLE_PREVIEWS = YES;
				FRAMEWORK_SEARCH_PATHS = "$(SRCROOT)/../shared/build/xcode-frameworks/$(CONFIGURATION)/$(SDK_NAME)\n";
				GENERATE_INFOPLIST_FILE = YES;
				INFOPLIST_KEY_UIApplicationSceneManifest_Generation = YES;
				INFOPLIST_KEY_UIApplicationSupportsIndirectInputEvents = YES;
				INFOPLIST_KEY_UILaunchScreen_Generation = YES;
				INFOPLIST_KEY_UISupportedInterfaceOrientations_iPad = "UIInterfaceOrientationPortrait UIInterfaceOrientationPortraitUpsideDown UIInterfaceOrientationLandscapeLeft UIInterfaceOrientationLandscapeRight";
				INFOPLIST_KEY_UISupportedInterfaceOrientations_iPhone = "UIInterfaceOrientationPortrait UIInterfaceOrientationLandscapeLeft UIInterfaceOrientationLandscapeRight";
				LD_RUNPATH_SEARCH_PATHS = (
					"$(inherited)",
					"@executable_path/Frameworks",
				);
				MARKETING_VERSION = 1.0;
				OTHER_LDFLAGS = (
					"$(inherited)",
					"-framework",
					shared,
				);
				PRODUCT_BUNDLE_IDENTIFIER = com.glushko.SportCommunityIOS;
				PRODUCT_NAME = "$(TARGET_NAME)";
				SWIFT_EMIT_LOC_STRINGS = YES;
				SWIFT_VERSION = 5.0;
				TARGETED_DEVICE_FAMILY = "1,2";
			};
			name = Release;
		};
		D9E240DD2A459F4D00294EE0 /* Debug */ = {
			isa = XCBuildConfiguration;
			buildSettings = {
				ALWAYS_EMBED_SWIFT_STANDARD_LIBRARIES = YES;
				BUNDLE_LOADER = "$(TEST_HOST)";
				CODE_SIGN_STYLE = Automatic;
				CURRENT_PROJECT_VERSION = 1;
				GENERATE_INFOPLIST_FILE = YES;
				IPHONEOS_DEPLOYMENT_TARGET = 16.4;
				MARKETING_VERSION = 1.0;
				PRODUCT_BUNDLE_IDENTIFIER = com.glushko.SportCommunityIOSTests;
				PRODUCT_NAME = "$(TARGET_NAME)";
				SWIFT_EMIT_LOC_STRINGS = NO;
				SWIFT_VERSION = 5.0;
				TARGETED_DEVICE_FAMILY = "1,2";
				TEST_HOST = "$(BUILT_PRODUCTS_DIR)/SportCommunityIOS.app/$(BUNDLE_EXECUTABLE_FOLDER_PATH)/SportCommunityIOS";
			};
			name = Debug;
		};
		D9E240DE2A459F4D00294EE0 /* Release */ = {
			isa = XCBuildConfiguration;
			buildSettings = {
				ALWAYS_EMBED_SWIFT_STANDARD_LIBRARIES = YES;
				BUNDLE_LOADER = "$(TEST_HOST)";
				CODE_SIGN_STYLE = Automatic;
				CURRENT_PROJECT_VERSION = 1;
				GENERATE_INFOPLIST_FILE = YES;
				IPHONEOS_DEPLOYMENT_TARGET = 16.4;
				MARKETING_VERSION = 1.0;
				PRODUCT_BUNDLE_IDENTIFIER = com.glushko.SportCommunityIOSTests;
				PRODUCT_NAME = "$(TARGET_NAME)";
				SWIFT_EMIT_LOC_STRINGS = NO;
				SWIFT_VERSION = 5.0;
				TARGETED_DEVICE_FAMILY = "1,2";
				TEST_HOST = "$(BUILT_PRODUCTS_DIR)/SportCommunityIOS.app/$(BUNDLE_EXECUTABLE_FOLDER_PATH)/SportCommunityIOS";
			};
			name = Release;
		};
		D9E240E02A459F4D00294EE0 /* Debug */ = {
			isa = XCBuildConfiguration;
			buildSettings = {
				ALWAYS_EMBED_SWIFT_STANDARD_LIBRARIES = YES;
				CODE_SIGN_STYLE = Automatic;
				CURRENT_PROJECT_VERSION = 1;
				GENERATE_INFOPLIST_FILE = YES;
				MARKETING_VERSION = 1.0;
				PRODUCT_BUNDLE_IDENTIFIER = com.glushko.SportCommunityIOSUITests;
				PRODUCT_NAME = "$(TARGET_NAME)";
				SWIFT_EMIT_LOC_STRINGS = NO;
				SWIFT_VERSION = 5.0;
				TARGETED_DEVICE_FAMILY = "1,2";
				TEST_TARGET_NAME = SportCommunityIOS;
			};
			name = Debug;
		};
		D9E240E12A459F4D00294EE0 /* Release */ = {
			isa = XCBuildConfiguration;
			buildSettings = {
				ALWAYS_EMBED_SWIFT_STANDARD_LIBRARIES = YES;
				CODE_SIGN_STYLE = Automatic;
				CURRENT_PROJECT_VERSION = 1;
				GENERATE_INFOPLIST_FILE = YES;
				MARKETING_VERSION = 1.0;
				PRODUCT_BUNDLE_IDENTIFIER = com.glushko.SportCommunityIOSUITests;
				PRODUCT_NAME = "$(TARGET_NAME)";
				SWIFT_EMIT_LOC_STRINGS = NO;
				SWIFT_VERSION = 5.0;
				TARGETED_DEVICE_FAMILY = "1,2";
				TEST_TARGET_NAME = SportCommunityIOS;
			};
			name = Release;
		};
/* End XCBuildConfiguration section */

/* Begin XCConfigurationList section */
		D9E240B02A459F4A00294EE0 /* Build configuration list for PBXProject "SportCommunityIOS" */ = {
			isa = XCConfigurationList;
			buildConfigurations = (
				D9E240D72A459F4D00294EE0 /* Debug */,
				D9E240D82A459F4D00294EE0 /* Release */,
			);
			defaultConfigurationIsVisible = 0;
			defaultConfigurationName = Release;
		};
		D9E240D92A459F4D00294EE0 /* Build configuration list for PBXNativeTarget "SportCommunityIOS" */ = {
			isa = XCConfigurationList;
			buildConfigurations = (
				D9E240DA2A459F4D00294EE0 /* Debug */,
				D9E240DB2A459F4D00294EE0 /* Release */,
			);
			defaultConfigurationIsVisible = 0;
			defaultConfigurationName = Release;
		};
		D9E240DC2A459F4D00294EE0 /* Build configuration list for PBXNativeTarget "SportCommunityIOSTests" */ = {
			isa = XCConfigurationList;
			buildConfigurations = (
				D9E240DD2A459F4D00294EE0 /* Debug */,
				D9E240DE2A459F4D00294EE0 /* Release */,
			);
			defaultConfigurationIsVisible = 0;
			defaultConfigurationName = Release;
		};
		D9E240DF2A459F4D00294EE0 /* Build configuration list for PBXNativeTarget "SportCommunityIOSUITests" */ = {
			isa = XCConfigurationList;
			buildConfigurations = (
				D9E240E02A459F4D00294EE0 /* Debug */,
				D9E240E12A459F4D00294EE0 /* Release */,
			);
			defaultConfigurationIsVisible = 0;
			defaultConfigurationName = Release;
		};
/* End XCConfigurationList section */
	};
	rootObject = D9E240AD2A459F4A00294EE0 /* Project object */;
}
